// !$*UTF8*$!
{
	archiveVersion = 1;
	classes = {
	};
	objectVersion = 48;
	objects = {

/* Begin PBXBuildFile section */
		93404AB12032CB0C00FE3F35 /* InternetReachability.swift in Sources */ = {isa = PBXBuildFile; fileRef = 93404AB02032CB0C00FE3F35 /* InternetReachability.swift */; };
		934E83C72031CD680086FA41 /* Helper.swift in Sources */ = {isa = PBXBuildFile; fileRef = 934E83C62031CD680086FA41 /* Helper.swift */; };
		9356D122202B83420049B4FF /* AppDelegate.swift in Sources */ = {isa = PBXBuildFile; fileRef = 9356D121202B83420049B4FF /* AppDelegate.swift */; };
		9356D124202B83420049B4FF /* MainVC.swift in Sources */ = {isa = PBXBuildFile; fileRef = 9356D123202B83420049B4FF /* MainVC.swift */; };
		9356D127202B83420049B4FF /* Main.storyboard in Resources */ = {isa = PBXBuildFile; fileRef = 9356D125202B83420049B4FF /* Main.storyboard */; };
		9356D12A202B83420049B4FF /* CurrentWeather.xcdatamodeld in Sources */ = {isa = PBXBuildFile; fileRef = 9356D128202B83420049B4FF /* CurrentWeather.xcdatamodeld */; };
		9356D12C202B83420049B4FF /* Assets.xcassets in Resources */ = {isa = PBXBuildFile; fileRef = 9356D12B202B83420049B4FF /* Assets.xcassets */; };
		9356D12F202B83420049B4FF /* LaunchScreen.storyboard in Resources */ = {isa = PBXBuildFile; fileRef = 9356D12D202B83420049B4FF /* LaunchScreen.storyboard */; };
		9356D13E202BB0F00049B4FF /* WeatherDataModel.swift in Sources */ = {isa = PBXBuildFile; fileRef = 9356D13D202BB0F00049B4FF /* WeatherDataModel.swift */; };
		9356D144202BC6DC0049B4FF /* SwipingController.swift in Sources */ = {isa = PBXBuildFile; fileRef = 9356D143202BC6DC0049B4FF /* SwipingController.swift */; };
		9356D149202BD5390049B4FF /* PageCell.swift in Sources */ = {isa = PBXBuildFile; fileRef = 9356D148202BD5390049B4FF /* PageCell.swift */; };
		9356D153202D16520049B4FF /* Constraints.swift in Sources */ = {isa = PBXBuildFile; fileRef = 9356D152202D16520049B4FF /* Constraints.swift */; };
/* End PBXBuildFile section */

/* Begin PBXFileReference section */
		93404AB02032CB0C00FE3F35 /* InternetReachability.swift */ = {isa = PBXFileReference; fileEncoding = 4; lastKnownFileType = sourcecode.swift; path = InternetReachability.swift; sourceTree = "<group>"; };
		934E83C62031CD680086FA41 /* Helper.swift */ = {isa = PBXFileReference; lastKnownFileType = sourcecode.swift; path = Helper.swift; sourceTree = "<group>"; };
		9356D11E202B83420049B4FF /* CurrentWeather.app */ = {isa = PBXFileReference; explicitFileType = wrapper.application; includeInIndex = 0; path = CurrentWeather.app; sourceTree = BUILT_PRODUCTS_DIR; };
		9356D121202B83420049B4FF /* AppDelegate.swift */ = {isa = PBXFileReference; lastKnownFileType = sourcecode.swift; path = AppDelegate.swift; sourceTree = "<group>"; };
		9356D123202B83420049B4FF /* MainVC.swift */ = {isa = PBXFileReference; lastKnownFileType = sourcecode.swift; path = MainVC.swift; sourceTree = "<group>"; };
		9356D126202B83420049B4FF /* Base */ = {isa = PBXFileReference; lastKnownFileType = file.storyboard; name = Base; path = Base.lproj/Main.storyboard; sourceTree = "<group>"; };
		9356D129202B83420049B4FF /* CurrentWeather.xcdatamodel */ = {isa = PBXFileReference; lastKnownFileType = wrapper.xcdatamodel; path = CurrentWeather.xcdatamodel; sourceTree = "<group>"; };
		9356D12B202B83420049B4FF /* Assets.xcassets */ = {isa = PBXFileReference; lastKnownFileType = folder.assetcatalog; path = Assets.xcassets; sourceTree = "<group>"; };
		9356D12E202B83420049B4FF /* Base */ = {isa = PBXFileReference; lastKnownFileType = file.storyboard; name = Base; path = Base.lproj/LaunchScreen.storyboard; sourceTree = "<group>"; };
		9356D130202B83420049B4FF /* Info.plist */ = {isa = PBXFileReference; lastKnownFileType = text.plist.xml; path = Info.plist; sourceTree = "<group>"; };
		9356D13D202BB0F00049B4FF /* WeatherDataModel.swift */ = {isa = PBXFileReference; lastKnownFileType = sourcecode.swift; path = WeatherDataModel.swift; sourceTree = "<group>"; };
		9356D143202BC6DC0049B4FF /* SwipingController.swift */ = {isa = PBXFileReference; lastKnownFileType = sourcecode.swift; path = SwipingController.swift; sourceTree = "<group>"; };
		9356D148202BD5390049B4FF /* PageCell.swift */ = {isa = PBXFileReference; lastKnownFileType = sourcecode.swift; path = PageCell.swift; sourceTree = "<group>"; };
		9356D152202D16520049B4FF /* Constraints.swift */ = {isa = PBXFileReference; lastKnownFileType = sourcecode.swift; path = Constraints.swift; sourceTree = "<group>"; };
/* End PBXFileReference section */

/* Begin PBXFrameworksBuildPhase section */
		9356D11B202B83420049B4FF /* Frameworks */ = {
			isa = PBXFrameworksBuildPhase;
			buildActionMask = 2147483647;
			files = (
			);
			runOnlyForDeploymentPostprocessing = 0;
		};
/* End PBXFrameworksBuildPhase section */

/* Begin PBXGroup section */
		9356D115202B83420049B4FF = {
			isa = PBXGroup;
			children = (
				9356D13A202BAE160049B4FF /* Model */,
				9356D137202B869D0049B4FF /* Controller */,
				9356D120202B83420049B4FF /* CurrentWeather */,
				9356D11F202B83420049B4FF /* Products */,
			);
			sourceTree = "<group>";
		};
		9356D11F202B83420049B4FF /* Products */ = {
			isa = PBXGroup;
			children = (
				9356D11E202B83420049B4FF /* CurrentWeather.app */,
			);
			name = Products;
			sourceTree = "<group>";
		};
		9356D120202B83420049B4FF /* CurrentWeather */ = {
			isa = PBXGroup;
			children = (
				9356D121202B83420049B4FF /* AppDelegate.swift */,
				9356D125202B83420049B4FF /* Main.storyboard */,
				9356D12B202B83420049B4FF /* Assets.xcassets */,
				9356D12D202B83420049B4FF /* LaunchScreen.storyboard */,
				9356D130202B83420049B4FF /* Info.plist */,
				9356D128202B83420049B4FF /* CurrentWeather.xcdatamodeld */,
			);
			path = CurrentWeather;
			sourceTree = "<group>";
		};
		9356D137202B869D0049B4FF /* Controller */ = {
			isa = PBXGroup;
			children = (
				9356D123202B83420049B4FF /* MainVC.swift */,
				9356D143202BC6DC0049B4FF /* SwipingController.swift */,
			);
			path = Controller;
			sourceTree = "<group>";
		};
		9356D13A202BAE160049B4FF /* Model */ = {
			isa = PBXGroup;
			children = (
				9356D13D202BB0F00049B4FF /* WeatherDataModel.swift */,
				9356D148202BD5390049B4FF /* PageCell.swift */,
				9356D152202D16520049B4FF /* Constraints.swift */,
				93404AB02032CB0C00FE3F35 /* InternetReachability.swift */,
				934E83C62031CD680086FA41 /* Helper.swift */,
			);
			path = Model;
			sourceTree = "<group>";
		};
/* End PBXGroup section */

/* Begin PBXNativeTarget section */
		9356D11D202B83420049B4FF /* CurrentWeather */ = {
			isa = PBXNativeTarget;
			buildConfigurationList = 9356D133202B83420049B4FF /* Build configuration list for PBXNativeTarget "CurrentWeather" */;
			buildPhases = (
				9356D11A202B83420049B4FF /* Sources */,
				9356D11B202B83420049B4FF /* Frameworks */,
				9356D11C202B83420049B4FF /* Resources */,
			);
			buildRules = (
			);
			dependencies = (
			);
			name = CurrentWeather;
			productName = CurrentWeather;
			productReference = 9356D11E202B83420049B4FF /* CurrentWeather.app */;
			productType = "com.apple.product-type.application";
		};
/* End PBXNativeTarget section */

/* Begin PBXProject section */
		9356D116202B83420049B4FF /* Project object */ = {
			isa = PBXProject;
			attributes = {
				LastSwiftUpdateCheck = 0920;
				LastUpgradeCheck = 0920;
				ORGANIZATIONNAME = "Roman Rudavskiy";
				TargetAttributes = {
					9356D11D202B83420049B4FF = {
						CreatedOnToolsVersion = 9.2;
						ProvisioningStyle = Automatic;
					};
				};
			};
			buildConfigurationList = 9356D119202B83420049B4FF /* Build configuration list for PBXProject "CurrentWeather" */;
			compatibilityVersion = "Xcode 8.0";
			developmentRegion = en;
			hasScannedForEncodings = 0;
			knownRegions = (
				en,
				Base,
			);
			mainGroup = 9356D115202B83420049B4FF;
			productRefGroup = 9356D11F202B83420049B4FF /* Products */;
			projectDirPath = "";
			projectRoot = "";
			targets = (
				9356D11D202B83420049B4FF /* CurrentWeather */,
			);
		};
/* End PBXProject section */

/* Begin PBXResourcesBuildPhase section */
		9356D11C202B83420049B4FF /* Resources */ = {
			isa = PBXResourcesBuildPhase;
			buildActionMask = 2147483647;
			files = (
				9356D12F202B83420049B4FF /* LaunchScreen.storyboard in Resources */,
				9356D12C202B83420049B4FF /* Assets.xcassets in Resources */,
				9356D127202B83420049B4FF /* Main.storyboard in Resources */,
			);
			runOnlyForDeploymentPostprocessing = 0;
		};
/* End PBXResourcesBuildPhase section */

/* Begin PBXSourcesBuildPhase section */
		9356D11A202B83420049B4FF /* Sources */ = {
			isa = PBXSourcesBuildPhase;
			buildActionMask = 2147483647;
			files = (
				9356D153202D16520049B4FF /* Constraints.swift in Sources */,
				9356D13E202BB0F00049B4FF /* WeatherDataModel.swift in Sources */,
				9356D124202B83420049B4FF /* MainVC.swift in Sources */,
				9356D149202BD5390049B4FF /* PageCell.swift in Sources */,
				9356D12A202B83420049B4FF /* CurrentWeather.xcdatamodeld in Sources */,
				934E83C72031CD680086FA41 /* Helper.swift in Sources */,
				9356D122202B83420049B4FF /* AppDelegate.swift in Sources */,
				9356D144202BC6DC0049B4FF /* SwipingController.swift in Sources */,
				93404AB12032CB0C00FE3F35 /* InternetReachability.swift in Sources */,
			);
			runOnlyForDeploymentPostprocessing = 0;
		};
/* End PBXSourcesBuildPhase section */

/* Begin PBXVariantGroup section */
		9356D125202B83420049B4FF /* Main.storyboard */ = {
			isa = PBXVariantGroup;
			children = (
				9356D126202B83420049B4FF /* Base */,
			);
			name = Main.storyboard;
			sourceTree = "<group>";
		};
		9356D12D202B83420049B4FF /* LaunchScreen.storyboard */ = {
			isa = PBXVariantGroup;
			children = (
				9356D12E202B83420049B4FF /* Base */,
			);
			name = LaunchScreen.storyboard;
			sourceTree = "<group>";
		};
/* End PBXVariantGroup section */

/* Begin XCBuildConfiguration section */
		9356D131202B83420049B4FF /* Debug */ = {
			isa = XCBuildConfiguration;
			buildSettings = {
				ALWAYS_SEARCH_USER_PATHS = NO;
				CLANG_ANALYZER_NONNULL = YES;
				CLANG_ANALYZER_NUMBER_OBJECT_CONVERSION = YES_AGGRESSIVE;
				CLANG_CXX_LANGUAGE_STANDARD = "gnu++14";
				CLANG_CXX_LIBRARY = "libc++";
				CLANG_ENABLE_MODULES = YES;
				CLANG_ENABLE_OBJC_ARC = YES;
				CLANG_WARN_BLOCK_CAPTURE_AUTORELEASING = YES;
				CLANG_WARN_BOOL_CONVERSION = YES;
				CLANG_WARN_COMMA = YES;
				CLANG_WARN_CONSTANT_CONVERSION = YES;
				CLANG_WARN_DIRECT_OBJC_ISA_USAGE = YES_ERROR;
				CLANG_WARN_DOCUMENTATION_COMMENTS = YES;
				CLANG_WARN_EMPTY_BODY = YES;
				CLANG_WARN_ENUM_CONVERSION = YES;
				CLANG_WARN_INFINITE_RECURSION = YES;
				CLANG_WARN_INT_CONVERSION = YES;
				CLANG_WARN_NON_LITERAL_NULL_CONVERSION = YES;
				CLANG_WARN_OBJC_LITERAL_CONVERSION = YES;
				CLANG_WARN_OBJC_ROOT_CLASS = YES_ERROR;
				CLANG_WARN_RANGE_LOOP_ANALYSIS = YES;
				CLANG_WARN_STRICT_PROTOTYPES = YES;
				CLANG_WARN_SUSPICIOUS_MOVE = YES;
				CLANG_WARN_UNGUARDED_AVAILABILITY = YES_AGGRESSIVE;
				CLANG_WARN_UNREACHABLE_CODE = YES;
				CLANG_WARN__DUPLICATE_METHOD_MATCH = YES;
				CODE_SIGN_IDENTITY = "iPhone Developer";
				COPY_PHASE_STRIP = NO;
				DEBUG_INFORMATION_FORMAT = dwarf;
				ENABLE_STRICT_OBJC_MSGSEND = YES;
				ENABLE_TESTABILITY = YES;
				GCC_C_LANGUAGE_STANDARD = gnu11;
				GCC_DYNAMIC_NO_PIC = NO;
				GCC_NO_COMMON_BLOCKS = YES;
				GCC_OPTIMIZATION_LEVEL = 0;
				GCC_PREPROCESSOR_DEFINITIONS = (
					"DEBUG=1",
					"$(inherited)",
				);
				GCC_WARN_64_TO_32_BIT_CONVERSION = YES;
				GCC_WARN_ABOUT_RETURN_TYPE = YES_ERROR;
				GCC_WARN_UNDECLARED_SELECTOR = YES;
				GCC_WARN_UNINITIALIZED_AUTOS = YES_AGGRESSIVE;
				GCC_WARN_UNUSED_FUNCTION = YES;
				GCC_WARN_UNUSED_VARIABLE = YES;
				IPHONEOS_DEPLOYMENT_TARGET = 11.2;
				MTL_ENABLE_DEBUG_INFO = YES;
				ONLY_ACTIVE_ARCH = YES;
				SDKROOT = iphoneos;
				SWIFT_ACTIVE_COMPILATION_CONDITIONS = DEBUG;
				SWIFT_OPTIMIZATION_LEVEL = "-Onone";
			};
			name = Debug;
		};
		9356D132202B83420049B4FF /* Release */ = {
			isa = XCBuildConfiguration;
			buildSettings = {
				ALWAYS_SEARCH_USER_PATHS = NO;
				CLANG_ANALYZER_NONNULL = YES;
				CLANG_ANALYZER_NUMBER_OBJECT_CONVERSION = YES_AGGRESSIVE;
				CLANG_CXX_LANGUAGE_STANDARD = "gnu++14";
				CLANG_CXX_LIBRARY = "libc++";
				CLANG_ENABLE_MODULES = YES;
				CLANG_ENABLE_OBJC_ARC = YES;
				CLANG_WARN_BLOCK_CAPTURE_AUTORELEASING = YES;
				CLANG_WARN_BOOL_CONVERSION = YES;
				CLANG_WARN_COMMA = YES;
				CLANG_WARN_CONSTANT_CONVERSION = YES;
				CLANG_WARN_DIRECT_OBJC_ISA_USAGE = YES_ERROR;
				CLANG_WARN_DOCUMENTATION_COMMENTS = YES;
				CLANG_WARN_EMPTY_BODY = YES;
				CLANG_WARN_ENUM_CONVERSION = YES;
				CLANG_WARN_INFINITE_RECURSION = YES;
				CLANG_WARN_INT_CONVERSION = YES;
				CLANG_WARN_NON_LITERAL_NULL_CONVERSION = YES;
				CLANG_WARN_OBJC_LITERAL_CONVERSION = YES;
				CLANG_WARN_OBJC_ROOT_CLASS = YES_ERROR;
				CLANG_WARN_RANGE_LOOP_ANALYSIS = YES;
				CLANG_WARN_STRICT_PROTOTYPES = YES;
				CLANG_WARN_SUSPICIOUS_MOVE = YES;
				CLANG_WARN_UNGUARDED_AVAILABILITY = YES_AGGRESSIVE;
				CLANG_WARN_UNREACHABLE_CODE = YES;
				CLANG_WARN__DUPLICATE_METHOD_MATCH = YES;
				CODE_SIGN_IDENTITY = "iPhone Developer";
				COPY_PHASE_STRIP = NO;
				DEBUG_INFORMATION_FORMAT = "dwarf-with-dsym";
				ENABLE_NS_ASSERTIONS = NO;
				ENABLE_STRICT_OBJC_MSGSEND = YES;
				GCC_C_LANGUAGE_STANDARD = gnu11;
				GCC_NO_COMMON_BLOCKS = YES;
				GCC_WARN_64_TO_32_BIT_CONVERSION = YES;
				GCC_WARN_ABOUT_RETURN_TYPE = YES_ERROR;
				GCC_WARN_UNDECLARED_SELECTOR = YES;
				GCC_WARN_UNINITIALIZED_AUTOS = YES_AGGRESSIVE;
				GCC_WARN_UNUSED_FUNCTION = YES;
				GCC_WARN_UNUSED_VARIABLE = YES;
				IPHONEOS_DEPLOYMENT_TARGET = 11.2;
				MTL_ENABLE_DEBUG_INFO = NO;
				SDKROOT = iphoneos;
				SWIFT_OPTIMIZATION_LEVEL = "-Owholemodule";
				VALIDATE_PRODUCT = YES;
			};
			name = Release;
		};
		9356D134202B83420049B4FF /* Debug */ = {
			isa = XCBuildConfiguration;
			buildSettings = {
				ASSETCATALOG_COMPILER_APPICON_NAME = AppIcon;
				CODE_SIGN_STYLE = Automatic;
				DEVELOPMENT_TEAM = 2THR9E8H8D;
				INFOPLIST_FILE = CurrentWeather/Info.plist;
				LD_RUNPATH_SEARCH_PATHS = "$(inherited) @executable_path/Frameworks";
				PRODUCT_BUNDLE_IDENTIFIER = roman.rudavskiy.CurrentWeather;
				PRODUCT_NAME = "$(TARGET_NAME)";
				SWIFT_VERSION = 4.0;
				TARGETED_DEVICE_FAMILY = "1,2";
			};
			name = Debug;
		};
		9356D135202B83420049B4FF /* Release */ = {
			isa = XCBuildConfiguration;
			buildSettings = {
				ASSETCATALOG_COMPILER_APPICON_NAME = AppIcon;
				CODE_SIGN_STYLE = Automatic;
				DEVELOPMENT_TEAM = 2THR9E8H8D;
				INFOPLIST_FILE = CurrentWeather/Info.plist;
				LD_RUNPATH_SEARCH_PATHS = "$(inherited) @executable_path/Frameworks";
				PRODUCT_BUNDLE_IDENTIFIER = roman.rudavskiy.CurrentWeather;
				PRODUCT_NAME = "$(TARGET_NAME)";
				SWIFT_VERSION = 4.0;
				TARGETED_DEVICE_FAMILY = "1,2";
			};
			name = Release;
		};
/* End XCBuildConfiguration section */

/* Begin XCConfigurationList section */
		9356D119202B83420049B4FF /* Build configuration list for PBXProject "CurrentWeather" */ = {
			isa = XCConfigurationList;
			buildConfigurations = (
				9356D131202B83420049B4FF /* Debug */,
				9356D132202B83420049B4FF /* Release */,
			);
			defaultConfigurationIsVisible = 0;
			defaultConfigurationName = Release;
		};
		9356D133202B83420049B4FF /* Build configuration list for PBXNativeTarget "CurrentWeather" */ = {
			isa = XCConfigurationList;
			buildConfigurations = (
				9356D134202B83420049B4FF /* Debug */,
				9356D135202B83420049B4FF /* Release */,
			);
			defaultConfigurationIsVisible = 0;
			defaultConfigurationName = Release;
		};
/* End XCConfigurationList section */

/* Begin XCVersionGroup section */
		9356D128202B83420049B4FF /* CurrentWeather.xcdatamodeld */ = {
			isa = XCVersionGroup;
			children = (
				9356D129202B83420049B4FF /* CurrentWeather.xcdatamodel */,
			);
			currentVersion = 9356D129202B83420049B4FF /* CurrentWeather.xcdatamodel */;
			path = CurrentWeather.xcdatamodeld;
			sourceTree = "<group>";
			versionGroupType = wrapper.xcdatamodel;
		};
/* End XCVersionGroup section */
	};
	rootObject = 9356D116202B83420049B4FF /* Project object */;
}
